
Microsoft Visual Studio Solution File, Format Version 12.00
# Visual Studio 15
VisualStudioVersion = 15.0.28307.1082
MinimumVisualStudioVersion = 10.0.40219.1
Project("{FAE04EC0-301F-11D3-BF4B-00C04F79EFBC}") = "BrInCalcTest", "BrInCalcTest\BrInCalcTest.csproj", "{FAC0AED8-5A78-4490-A3D8-62073195025D}"
EndProject
Project("{FAE04EC0-301F-11D3-BF4B-00C04F79EFBC}") = "BrInsTestUnits", "BrInsTestUnits\BrInsTestUnits.csproj", "{AD0BFFA9-8D47-4255-9615-0A580A1C088C}"
EndProject
Global
	GlobalSection(SolutionConfigurationPlatforms) = preSolution
		Debug|Any CPU = Debug|Any CPU
		Release|Any CPU = Release|Any CPU
	EndGlobalSection
	GlobalSection(ProjectConfigurationPlatforms) = postSolution
		{FAC0AED8-5A78-4490-A3D8-62073195025D}.Debug|Any CPU.ActiveCfg = Debug|Any CPU
		{FAC0AED8-5A78-4490-A3D8-62073195025D}.Debug|Any CPU.Build.0 = Debug|Any CPU
		{FAC0AED8-5A78-4490-A3D8-62073195025D}.Release|Any CPU.ActiveCfg = Release|Any CPU
		{FAC0AED8-5A78-4490-A3D8-62073195025D}.Release|Any CPU.Build.0 = Release|Any CPU
		{AD0BFFA9-8D47-4255-9615-0A580A1C088C}.Debug|Any CPU.ActiveCfg = Debug|Any CPU
		{AD0BFFA9-8D47-4255-9615-0A580A1C088C}.Debug|Any CPU.Build.0 = Debug|Any CPU
		{AD0BFFA9-8D47-4255-9615-0A580A1C088C}.Release|Any CPU.ActiveCfg = Release|Any CPU
		{AD0BFFA9-8D47-4255-9615-0A580A1C088C}.Release|Any CPU.Build.0 = Release|Any CPU
	EndGlobalSection
	GlobalSection(SolutionProperties) = preSolution
		HideSolutionNode = FALSE
	EndGlobalSection
	GlobalSection(ExtensibilityGlobals) = postSolution
		EnterpriseLibraryConfigurationToolBinariesPath = packages\Unity.2.1.505.0\lib\NET35
		SolutionGuid = {514BDC0B-6345-457D-9C66-38B929308F1C}
	EndGlobalSection
EndGlobal
